version = 1
revision = 3
requires-python = ">=3.14"

[[package]]
name = "asgiref"
version = "3.11.1"
source = { registry = "https://pypi.org/simple" }
sdist = { url = "https://files.pythonhosted.org/packages/63/40/f03da1264ae8f7cfdbf9146542e5e7e8100a4c66ab48e791df9a03d3f6c0/asgiref-3.11.1.tar.gz", hash = "sha256:5f184dc43b7e763efe848065441eac62229c9f7b0475f41f80e207a114eda4ce", size = 38550, upload-time = "2026-02-03T13:30:14.33Z" }
wheels = [
    { url = "https://files.pythonhosted.org/packages/5c/0a/a72d10ed65068e115044937873362e6e32fab1b7dce0046aeb224682c989/asgiref-3.11.1-py3-none-any.whl", hash = "sha256:e8667a091e69529631969fd45dc268fa79b99c92c5fcdda727757e52146ec133", size = 24345, upload-time = "2026-02-03T13:30:13.039Z" },
]

[[package]]
name = "asyncio"
version = "4.0.0"
source = { registry = "https://pypi.org/simple" }
sdist = { url = "https://files.pythonhosted.org/packages/71/ea/26c489a11f7ca862d5705db67683a7361ce11c23a7b98fc6c2deaeccede2/asyncio-4.0.0.tar.gz", hash = "sha256:570cd9e50db83bc1629152d4d0b7558d6451bb1bfd5dfc2e935d96fc2f40329b", size = 5371, upload-time = "2025-08-05T02:51:46.605Z" }
wheels = [
    { url = "https://files.pythonhosted.org/packages/57/64/eff2564783bd650ca25e15938d1c5b459cda997574a510f7de69688cb0b4/asyncio-4.0.0-py3-none-any.whl", hash = "sha256:c1eddb0659231837046809e68103969b2bef8b0400d59cfa6363f6b5ed8cc88b", size = 5555, upload-time = "2025-08-05T02:51:45.767Z" },
]

[[package]]
name = "click"
version = "8.4.1"
source = { registry = "https://pypi.org/simple" }
dependencies = [
    { name = "colorama", marker = "sys_platform == 'win32'" },
]
sdist = { url = "https://files.pythonhosted.org/packages/9b/98/518d8e5081007684232226f475082b30087d0f585e8457db087298259f49/click-8.4.1.tar.gz", hash = "sha256:918b5633eddf6b41c32d4f454bf0de810065c74e3f7dbf8ee5452f8be88d3e96", size = 353007, upload-time = "2026-05-22T04:08:37.769Z" }
wheels = [
    { url = "https://files.pythonhosted.org/packages/c7/0d/67e5b4109ea4a837e80daa87c2c696711955e40449a97e8926672534def2/click-8.4.1-py3-none-any.whl", hash = "sha256:482be17c6991b8c19c5429a1e995d9b0efdbb63172824c41f99965dc0ade8ec2", size = 116639, upload-time = "2026-05-22T04:08:35.26Z" },
]

[[package]]
name = "colorama"
version = "0.4.6"
source = { registry = "https://pypi.org/simple" }
sdist = { url = "https://files.pythonhosted.org/packages/d8/53/6f443c9a4a8358a93a6792e2acffb9d9d5cb0a5cfd8802644b7b1c9a02e4/colorama-0.4.6.tar.gz", hash = "sha256:08695f5cb7ed6e0531a20572697297273c47b8cae5a63ffc6d6ed5c201be6e44", size = 27697, upload-time = "2022-10-25T02:36:22.414Z" }
wheels = [
    { url = "https://files.pythonhosted.org/packages/d1/d6/3965ed04c63042e047cb6a3e6ed1a63a35087b6a609aa3a15ed8ac56c221/colorama-0.4.6-py2.py3-none-any.whl", hash = "sha256:4f1d9991f5acc0ca119f9d443620b77f9d6b33703e51011c16baf57afb285fc6", size = 25335, upload-time = "2022-10-25T02:36:20.889Z" },
]

[[package]]
name = "django"
version = "6.0.6"
source = { registry = "https://pypi.org/simple" }
dependencies = [
    { name = "asgiref" },
    { name = "sqlparse" },
    { name = "tzdata", marker = "sys_platform == 'win32'" },
]
sdist = { url = "https://files.pythonhosted.org/packages/78/29/ac41e16097af67066d97a7d5775c5d8e7efc5d0284f6b0a159e07b9adb92/django-6.0.6.tar.gz", hash = "sha256:ad03916ba59523d781ae5c3f631960c23d69a9d9c43cecda52fc23b47e953713", size = 10905525, upload-time = "2026-06-03T13:02:46.503Z" }
wheels = [
    { url = "https://files.pythonhosted.org/packages/eb/50/23f9dc45483419a3cc2085b498b25adfbf10642b2941c73e6d2dfaffc9ab/django-6.0.6-py3-none-any.whl", hash = "sha256:25148b1194c47c2e685e5f5e9c5d59c78b075dfd282cb9618861ba6c1708f4d2", size = 8373354, upload-time = "2026-06-03T13:02:41.72Z" },
]

[[package]]
name = "django-htmx"
version = "1.27.0"
source = { registry = "https://pypi.org/simple" }
dependencies = [
    { name = "asgiref" },
    { name = "django" },
]
sdist = { url = "https://files.pythonhosted.org/packages/34/f2/8c3e28a5eed8e5226835c762892bfef74eda7e8629c65b49c186098eb303/django_htmx-1.27.0.tar.gz", hash = "sha256:036e5da801bfdf5f1ca815f21592cfb9f004a898f330c842f15e55c70e301a75", size = 65362, upload-time = "2025-11-28T23:18:55.049Z" }
wheels = [
    { url = "https://files.pythonhosted.org/packages/23/ac/25d28489dc43224e260f4ebee7565f7ef1efe12af0f284a89500c19f75e2/django_htmx-1.27.0-py3-none-any.whl", hash = "sha256:13e1e13b87d39b57f95aae6e4987cb3df056d0b1373a41f4a94504a00298ffd8", size = 62126, upload-time = "2025-11-28T23:18:53.57Z" },
]

[[package]]
name = "fuidb"
version = "0.1.0"
source = { virtual = "." }
dependencies = [
    { name = "asyncio" },
    { name = "django" },
    { name = "django-htmx" },
    { name = "granian" },
    { name = "mariadb" },
    { name = "mysqlclient" },
    { name = "psycopg2" },
    { name = "pytest" },
    { name = "pytest-django" },
    { name = "python-dotenv" },
    { name = "questionary" },
]

[package.metadata]
requires-dist = [
    { name = "asyncio", specifier = ">=4.0.0" },
    { name = "django", specifier = ">=6.0.6" },
    { name = "django-htmx", specifier = ">=1.27.0" },
    { name = "granian", specifier = ">=2.7.6" },
    { name = "mariadb", specifier = ">=1.1.14" },
    { name = "mysqlclient", specifier = ">=2.2.8" },
    { name = "psycopg2", specifier = ">=2.9.12" },
    { name = "pytest", specifier = ">=9.0.3" },
    { name = "pytest-django", specifier = ">=4.12.0" },
    { name = "python-dotenv", specifier = ">=1.2.2" },
    { name = "questionary", specifier = ">=2.1.1" },
]

[[package]]
name = "granian"
version = "2.7.6"
source = { registry = "https://pypi.org/simple" }
dependencies = [
    { name = "click" },
]
sdist = { url = "https://files.pythonhosted.org/packages/5c/4b/7c27442d6377607bec0802dcc1ee73554f1b3982ed6fca3dab253bee55d4/granian-2.7.6.tar.gz", hash = "sha256:52c8eaa5bdd636535c4c50b62591420612297f38151786cffd8c8cd39c738da3", size = 128698, upload-time = "2026-06-10T19:35:22.556Z" }
wheels = [
    { url = "https://files.pythonhosted.org/packages/b6/b9/3cd193896669cf737bfc099eb30459bfc3494a66c33f8a768e98563a513b/granian-2.7.6-cp314-cp314-macosx_10_12_x86_64.whl", hash = "sha256:3e8929e235c80d8aa11fc502a4632d7fbb29ff7b4cbd17e5a05f7afc2e38de32", size = 6522686, upload-time = "2026-06-10T19:34:31.284Z" },
    { url = "https://files.pythonhosted.org/packages/ea/5d/f8a55dfc0de7263e7806726e87b6da725e7b0c11ebb12d95b5300141c3cf/granian-2.7.6-cp314-cp314-macosx_11_0_arm64.whl", hash = "sha256:0ba744daf241cdb52abf7ff1a5e3d53b04d470d4166880789ccfe3605cee5d52", size = 6152569, upload-time = "2026-06-10T19:34:32.955Z" },
    { url = "https://files.pythonhosted.org/packages/cf/79/3cc94f59fcc14d00c96800aa4d9385e91c051b0140a94fca7a6adcf2f5ec/granian-2.7.6-cp314-cp314-manylinux_2_17_armv7l.manylinux2014_armv7l.whl", hash = "sha256:e2b284d7f5a1080fd50d5b0f3f335dc34a9cc5ebe3cafc291d25eea174d8c178", size = 7269408, upload-time = "2026-06-10T19:34:34.726Z" },
    { url = "https://files.pythonhosted.org/packages/ff/4b/64d0874c83d975ca7acf97f23f4d888a675d11d782d8af74bb4e8b41d528/granian-2.7.6-cp314-cp314-manylinux_2_17_i686.manylinux2014_i686.whl", hash = "sha256:1f6b57ff48757a76b4c1253e892a5d55108fe868085b6edfe5ddb008d6b93e17", size = 6510992, upload-time = "2026-06-10T19:34:36.502Z" },
    { url = "https://files.pythonhosted.org/packages/93/bb/036c2b53f765842deaf64a3376310d129671e38d36e93b4b4531f91b1c7b/granian-2.7.6-cp314-cp314-manylinux_2_17_x86_64.manylinux2014_x86_64.whl", hash = "sha256:3fa6ebbad188f581f264f5b4f2e1bb2f3fa3b8b830d66703b225b4bc3ad9302a", size = 6967320, upload-time = "2026-06-10T19:34:38.114Z" },
    { url = "https://files.pythonhosted.org/packages/5c/63/6b8d2169d8094b5bdc01b0d108e1c2091bf3dba3f098ae8f57913f1a0cf8/granian-2.7.6-cp314-cp314-manylinux_2_28_aarch64.whl", hash = "sha256:76a4f7ddacee73cf3c8baa06ebfcea1e591185687c45cdae6df7992578135f58", size = 7150567, upload-time = "2026-06-10T19:34:39.926Z" },
    { url = "https://files.pythonhosted.org/packages/c3/07/7c6d26e9b5e2dc694857bb2367ad19e155df97a3126b4a42f8d2da719ff5/granian-2.7.6-cp314-cp314-musllinux_1_1_aarch64.whl", hash = "sha256:e3a9ef405e37fd78a753acbd4751f35a08a860d5572a6644aa5d7442fe1b3dc2", size = 7153936, upload-time = "2026-06-10T19:34:41.711Z" },
    { url = "https://files.pythonhosted.org/packages/44/1b/510d0c76c21ed188b281e243ef7d89efa79d6324b2d6962094651dc9c366/granian-2.7.6-cp314-cp314-musllinux_1_1_armv7l.whl", hash = "sha256:a05a6c908ad3d98c2e3986f52f60083471a6304d63955465bca957d40fc55671", size = 7408687, upload-time = "2026-06-10T19:34:43.668Z" },
    { url = "https://files.pythonhosted.org/packages/45/b6/e0ba4b1e2a99c16affaa98a6617e16f2165ed8278b03a57987df9bf381fa/granian-2.7.6-cp314-cp314-musllinux_1_1_x86_64.whl", hash = "sha256:58d33829649384f537f9c326688acf7ce9df9fc1044f4fad90058c71505cd51f", size = 7070293, upload-time = "2026-06-10T19:34:45.535Z" },
    { url = "https://files.pythonhosted.org/packages/b7/c0/2508d9a8c10f910b86c88af31e5ddce5a3be6eebe92e3938887e3a23291b/granian-2.7.6-cp314-cp314-win_amd64.whl", hash = "sha256:7c7b2643518369fed9442c727d28345c1d8f28f3b800966b49fd426ef46fc318", size = 4074996, upload-time = "2026-06-10T19:34:47.407Z" },
    { url = "https://files.pythonhosted.org/packages/18/82/335d6f8f41caee1f88c1d81c942318c58ad956c002dd0385b5fd1ef0576b/granian-2.7.6-cp314-cp314t-macosx_10_12_x86_64.whl", hash = "sha256:75e1d9e47585eb1616664daced55271bd2d948ef5406d4fed0f909bb718a8a7f", size = 6360306, upload-time = "2026-06-10T19:34:49.195Z" },
    { url = "https://files.pythonhosted.org/packages/25/7f/feb6c399056662597c05322fdaa7680f02ca1c308511d961c40ee3da2e8d/granian-2.7.6-cp314-cp314t-macosx_11_0_arm64.whl", hash = "sha256:41394d5fd17623e10deb1ed54bde3395609ac9037774586d49c66793777fd5fe", size = 6003466, upload-time = "2026-06-10T19:34:51.072Z" },
    { url = "https://files.pythonhosted.org/packages/7d/1a/e48b29e7b0bc53498ad6d85b7fbff0d0601289fb6284e1ad89c5e565dc23/granian-2.7.6-cp314-cp314t-manylinux_2_12_i686.manylinux2010_i686.whl", hash = "sha256:f43853e0f5be5e4c4e1b1f8bc58fa05feedfe622154faed84823b878d1b39d00", size = 6285354, upload-time = "2026-06-10T19:34:52.956Z" },
    { url = "https://files.pythonhosted.org/packages/5d/cc/c7e04b205f0c668fe68c21a8bfaaf775a6ec4067425cd694a947e19f7f9e/granian-2.7.6-cp314-cp314t-manylinux_2_17_armv7l.manylinux2014_armv7l.whl", hash = "sha256:a6de1316d1194a7dd759a8ca2bf0072e9a03c4f3021eca196aa0a41c1bcc6c4c", size = 7229062, upload-time = "2026-06-10T19:34:54.727Z" },
    { url = "https://files.pythonhosted.org/packages/2d/41/70d618ecd24493101f22e003a8172f038ed7dc2135a3dc7938bb8ecca0bb/granian-2.7.6-cp314-cp314t-manylinux_2_17_x86_64.manylinux2014_x86_64.whl", hash = "sha256:7538056d589455d4fa56fee7380857e672c3684f0ab8227a6407678e62da8b32", size = 6732112, upload-time = "2026-06-10T19:34:56.383Z" },
    { url = "https://files.pythonhosted.org/packages/7c/b0/ce1fe2b72d43b4375df6fa3f011401815a2fa294f7140a77cc1000a0e004/granian-2.7.6-cp314-cp314t-manylinux_2_28_aarch64.whl", hash = "sha256:403e08987177fde21c54ad5129693045ea4c7dae47b664fcdd0afb406828d6ad", size = 6804818, upload-time = "2026-06-10T19:34:58.119Z" },
    { url = "https://files.pythonhosted.org/packages/fb/ef/d8299ddca1c687d8009624b7944e5840f2773f728f9f2e0eac301fc04f6d/granian-2.7.6-cp314-cp314t-musllinux_1_1_aarch64.whl", hash = "sha256:ae666a6a3703986231b93df7fc44a4bca9ddb6283685eda07dc8e1235d7b05e5", size = 7025409, upload-time = "2026-06-10T19:35:00.111Z" },
    { url = "https://files.pythonhosted.org/packages/de/3c/1a4d2439ae4c1b86c69373a32b306da9e4f053f0ca6313a2b0709d604e8e/granian-2.7.6-cp314-cp314t-musllinux_1_1_armv7l.whl", hash = "sha256:a7364881df5a26e3df8ec1e22e02230b02817cb5585112182749fb4a5069146d", size = 7370731, upload-time = "2026-06-10T19:35:02.113Z" },
    { url = "https://files.pythonhosted.org/packages/4c/6f/2052643f726ee53bc9e66eec08cd69b622b88b0c60b435f245109b74b631/granian-2.7.6-cp314-cp314t-musllinux_1_1_x86_64.whl", hash = "sha256:535fe238f8a4d148a0d9bd9d28afb6eb6ab94f955de1d156d568258e5cd9dfb6", size = 6947803, upload-time = "2026-06-10T19:35:04.121Z" },
    { url = "https://files.pythonhosted.org/packages/1f/02/4f0ef1d8c86a2b23926853791ee54df8d97a70fe2ec027c1be0b0cddc40f/granian-2.7.6-cp314-cp314t-win_amd64.whl", hash = "sha256:2744c81401641b77d5a2957a683cdc21ef053fb74defa0f53b60cfc1134d2115", size = 3993160, upload-time = "2026-06-10T19:35:05.939Z" },
]

[[package]]
name = "iniconfig"
version = "2.3.0"
source = { registry = "https://pypi.org/simple" }
sdist = { url = "https://files.pythonhosted.org/packages/72/34/14ca021ce8e5dfedc35312d08ba8bf51fdd999c576889fc2c24cb97f4f10/iniconfig-2.3.0.tar.gz", hash = "sha256:c76315c77db068650d49c5b56314774a7804df16fee4402c1f19d6d15d8c4730", size = 20503, upload-time = "2025-10-18T21:55:43.219Z" }
wheels = [
    { url = "https://files.pythonhosted.org/packages/cb/b1/3846dd7f199d53cb17f49cba7e651e9ce294d8497c8c150530ed11865bb8/iniconfig-2.3.0-py3-none-any.whl", hash = "sha256:f631c04d2c48c52b84d0d0549c99ff3859c98df65b3101406327ecc7d53fbf12", size = 7484, upload-time = "2025-10-18T21:55:41.639Z" },
]

[[package]]
name = "mariadb"
version = "1.1.14"
source = { registry = "https://pypi.org/simple" }
dependencies = [
    { name = "packaging" },
]
sdist = { url = "https://files.pythonhosted.org/packages/c4/ba/cedef19833be88e07bfff11964441cda8a998f1628dd3b2fa3e7751d36e0/mariadb-1.1.14.tar.gz", hash = "sha256:e6d702a53eccf20922e47f2f45cfb5c7a0c2c6c0a46e4ee2d8a80d0ff4a52f34", size = 111715, upload-time = "2025-10-07T06:45:48.017Z" }
wheels = [
    { url = "https://files.pythonhosted.org/packages/e7/f2/7059f83543a4264b98777d7cc8aa203e1ca6a13a461f730d1c97f29628d4/mariadb-1.1.14-cp314-cp314-win32.whl", hash = "sha256:1a50b4612c0dd5b69690cebb34cef552a7f64dcadeb5aa91d70cd99bf01bc5b3", size = 190620, upload-time = "2025-10-07T06:45:41.349Z" },
    { url = "https://files.pythonhosted.org/packages/f8/7c/7e094b0b396d742494f6346f2ffa9709e429970b0461aca50526f5f02f12/mariadb-1.1.14-cp314-cp314-win_amd64.whl", hash = "sha256:6659725837e48fa6af05e20128fb525029f706f1921d5dbf639a25b2f80b9f93", size = 206263, upload-time = "2025-10-07T06:45:43.227Z" },
]

[[package]]
name = "mysqlclient"
version = "2.2.8"
source = { registry = "https://pypi.org/simple" }
sdist = { url = "https://files.pythonhosted.org/packages/eb/b0/9df076488cb2e536d40ce6dbd4273c1f20a386e31ffe6e7cb613902b3c2a/mysqlclient-2.2.8.tar.gz", hash = "sha256:8ed20c5615a915da451bb308c7d0306648a4fd9a2809ba95c992690006306199", size = 92287, upload-time = "2026-02-10T10:58:37.405Z" }
wheels = [
    { url = "https://files.pythonhosted.org/packages/42/44/6ae21b4e8490eb5167d04fa7452c462ffd72a502b96bf531477ef044a380/mysqlclient-2.2.8-cp314-cp314-win_amd64.whl", hash = "sha256:9bed7c8d3b629bdc09e17fb628d5b3b0a5fd1f12b09432b464b9126c727bedc0", size = 211644, upload-time = "2026-02-10T10:58:45.022Z" },
    { url = "https://files.pythonhosted.org/packages/66/e5/037d55623be9f681236e04abe12e1290847c06bd48270c3f19ac33493cbf/mysqlclient-2.2.8-cp314-cp314t-win_amd64.whl", hash = "sha256:260cce0e81446c83bf0a389e0fae38d68547d9f8fc0833bc733014e10ce28a99", size = 213067, upload-time = "2026-02-10T10:58:43.389Z" },
]

[[package]]
name = "packaging"
version = "26.2"
source = { registry = "https://pypi.org/simple" }
sdist = { url = "https://files.pythonhosted.org/packages/d7/f1/e7a6dd94a8d4a5626c03e4e99c87f241ba9e350cd9e6d75123f992427270/packaging-26.2.tar.gz", hash = "sha256:ff452ff5a3e828ce110190feff1178bb1f2ea2281fa2075aadb987c2fb221661", size = 228134, upload-time = "2026-04-24T20:15:23.917Z" }
wheels = [
    { url = "https://files.pythonhosted.org/packages/df/b2/87e62e8c3e2f4b32e5fe99e0b86d576da1312593b39f47d8ceef365e95ed/packaging-26.2-py3-none-any.whl", hash = "sha256:5fc45236b9446107ff2415ce77c807cee2862cb6fac22b8a73826d0693b0980e", size = 100195, upload-time = "2026-04-24T20:15:22.081Z" },
]

[[package]]
name = "pluggy"
version = "1.6.0"
source = { registry = "https://pypi.org/simple" }
sdist = { url = "https://files.pythonhosted.org/packages/f9/e2/3e91f31a7d2b083fe6ef3fa267035b518369d9511ffab804f839851d2779/pluggy-1.6.0.tar.gz", hash = "sha256:7dcc130b76258d33b90f61b658791dede3486c3e6bfb003ee5c9bfb396dd22f3", size = 69412, upload-time = "2025-05-15T12:30:07.975Z" }
wheels = [
    { url = "https://files.pythonhosted.org/packages/54/20/4d324d65cc6d9205fabedc306948156824eb9f0ee1633355a8f7ec5c66bf/pluggy-1.6.0-py3-none-any.whl", hash = "sha256:e920276dd6813095e9377c0bc5566d94c932c33b27a3e3945d8389c374dd4746", size = 20538, upload-time = "2025-05-15T12:30:06.134Z" },
]

[[package]]
name = "prompt-toolkit"
version = "3.0.52"
source = { registry = "https://pypi.org/simple" }
dependencies = [
    { name = "wcwidth" },
]
sdist = { url = "https://files.pythonhosted.org/packages/a1/96/06e01a7b38dce6fe1db213e061a4602dd6032a8a97ef6c1a862537732421/prompt_toolkit-3.0.52.tar.gz", hash = "sha256:28cde192929c8e7321de85de1ddbe736f1375148b02f2e17edd840042b1be855", size = 434198, upload-time = "2025-08-27T15:24:02.057Z" }
wheels = [
    { url = "https://files.pythonhosted.org/packages/84/03/0d3ce49e2505ae70cf43bc5bb3033955d2fc9f932163e84dc0779cc47f48/prompt_toolkit-3.0.52-py3-none-any.whl", hash = "sha256:9aac639a3bbd33284347de5ad8d68ecc044b91a762dc39b7c21095fcd6a19955", size = 391431, upload-time = "2025-08-27T15:23:59.498Z" },
]

[[package]]
name = "psycopg2"
version = "2.9.12"
source = { registry = "https://pypi.org/simple" }
sdist = { url = "https://files.pythonhosted.org/packages/c7/bc/f66df707ed1aec949fbf24e4460e4f4277a7ba23cdadb3965bb1f634ddb9/psycopg2-2.9.12.tar.gz", hash = "sha256:1dedb1c7a1d8552c4a6044c6b1c41a52e6a8e2d144af83eccac758076b1b7c15", size = 379683, upload-time = "2026-04-20T23:36:11.013Z" }
wheels = [
    { url = "https://files.pythonhosted.org/packages/73/4a/a3566f77501c21a6c2a1fc234dbe5dff74a86e3f150ef070e4ffb835e7f9/psycopg2-2.9.12-cp314-cp314-win_amd64.whl", hash = "sha256:a73d5513bfe929c56555006c7a9cc7ae6e4276aa99dd2b1e2544eb8bb54f8b23", size = 2848588, upload-time = "2026-04-20T23:33:25.983Z" },
]

[[package]]
name = "pygments"
version = "2.20.0"
source = { registry = "https://pypi.org/simple" }
sdist = { url = "https://files.pythonhosted.org/packages/c3/b2/bc9c9196916376152d655522fdcebac55e66de6603a76a02bca1b6414f6c/pygments-2.20.0.tar.gz", hash = "sha256:6757cd03768053ff99f3039c1a36d6c0aa0b263438fcab17520b30a303a82b5f", size = 4955991, upload-time = "2026-03-29T13:29:33.898Z" }
wheels = [
    { url = "https://files.pythonhosted.org/packages/f4/7e/a72dd26f3b0f4f2bf1dd8923c85f7ceb43172af56d63c7383eb62b332364/pygments-2.20.0-py3-none-any.whl", hash = "sha256:81a9e26dd42fd28a23a2d169d86d7ac03b46e2f8b59ed4698fb4785f946d0176", size = 1231151, upload-time = "2026-03-29T13:29:30.038Z" },
]

[[package]]
name = "pytest"
version = "9.0.3"
source = { registry = "https://pypi.org/simple" }
dependencies = [
    { name = "colorama", marker = "sys_platform == 'win32'" },
    { name = "iniconfig" },
    { name = "packaging" },
    { name = "pluggy" },
    { name = "pygments" },
]
sdist = { url = "https://files.pythonhosted.org/packages/7d/0d/549bd94f1a0a402dc8cf64563a117c0f3765662e2e668477624baeec44d5/pytest-9.0.3.tar.gz", hash = "sha256:b86ada508af81d19edeb213c681b1d48246c1a91d304c6c81a427674c17eb91c", size = 1572165, upload-time = "2026-04-07T17:16:18.027Z" }
wheels = [
    { url = "https://files.pythonhosted.org/packages/d4/24/a372aaf5c9b7208e7112038812994107bc65a84cd00e0354a88c2c77a617/pytest-9.0.3-py3-none-any.whl", hash = "sha256:2c5efc453d45394fdd706ade797c0a81091eccd1d6e4bccfcd476e2b8e0ab5d9", size = 375249, upload-time = "2026-04-07T17:16:16.13Z" },
]

[[package]]
name = "pytest-django"
version = "4.12.0"
source = { registry = "https://pypi.org/simple" }
dependencies = [
    { name = "pytest" },
]
sdist = { url = "https://files.pythonhosted.org/packages/13/2b/db9a193df89e5660137f5428063bcc2ced7ad790003b26974adf5c5ceb3b/pytest_django-4.12.0.tar.gz", hash = "sha256:df94ec819a83c8979c8f6de13d9cdfbe76e8c21d39473cfe2b40c9fc9be3c758", size = 91156, upload-time = "2026-02-14T18:40:49.235Z" }
wheels = [
    { url = "https://files.pythonhosted.org/packages/83/a5/41d091f697c09609e7ef1d5d61925494e0454ebf51de7de05f0f0a728f1d/pytest_django-4.12.0-py3-none-any.whl", hash = "sha256:3ff300c49f8350ba2953b90297d23bf5f589db69545f56f1ec5f8cff5da83e85", size = 26123, upload-time = "2026-02-14T18:40:47.381Z" },
]

[[package]]
name = "python-dotenv"
version = "1.2.2"
source = { registry = "https://pypi.org/simple" }
sdist = { url = "https://files.pythonhosted.org/packages/82/ed/0301aeeac3e5353ef3d94b6ec08bbcabd04a72018415dcb29e588514bba8/python_dotenv-1.2.2.tar.gz", hash = "sha256:2c371a91fbd7ba082c2c1dc1f8bf89ca22564a087c2c287cd9b662adde799cf3", size = 50135, upload-time = "2026-03-01T16:00:26.196Z" }
wheels = [
    { url = "https://files.pythonhosted.org/packages/0b/d7/1959b9648791274998a9c3526f6d0ec8fd2233e4d4acce81bbae76b44b2a/python_dotenv-1.2.2-py3-none-any.whl", hash = "sha256:1d8214789a24de455a8b8bd8ae6fe3c6b69a5e3d64aa8a8e5d68e694bbcb285a", size = 22101, upload-time = "2026-03-01T16:00:25.09Z" },
]

[[package]]
name = "questionary"
version = "2.1.1"
source = { registry = "https://pypi.org/simple" }
dependencies = [
    { name = "prompt-toolkit" },
]
sdist = { url = "https://files.pythonhosted.org/packages/f6/45/eafb0bba0f9988f6a2520f9ca2df2c82ddfa8d67c95d6625452e97b204a5/questionary-2.1.1.tar.gz", hash = "sha256:3d7e980292bb0107abaa79c68dd3eee3c561b83a0f89ae482860b181c8bd412d", size = 25845, upload-time = "2025-08-28T19:00:20.851Z" }
wheels = [
    { url = "https://files.pythonhosted.org/packages/3c/26/1062c7ec1b053db9e499b4d2d5bc231743201b74051c973dadeac80a8f43/questionary-2.1.1-py3-none-any.whl", hash = "sha256:a51af13f345f1cdea62347589fbb6df3b290306ab8930713bfae4d475a7d4a59", size = 36753, upload-time = "2025-08-28T19:00:19.56Z" },
]

[[package]]
name = "sqlparse"
version = "0.5.5"
source = { registry = "https://pypi.org/simple" }
sdist = { url = "https://files.pythonhosted.org/packages/90/76/437d71068094df0726366574cf3432a4ed754217b436eb7429415cf2d480/sqlparse-0.5.5.tar.gz", hash = "sha256:e20d4a9b0b8585fdf63b10d30066c7c94c5d7a7ec47c889a2d83a3caa93ff28e", size = 120815, upload-time = "2025-12-19T07:17:45.073Z" }
wheels = [
    { url = "https://files.pythonhosted.org/packages/49/4b/359f28a903c13438ef59ebeee215fb25da53066db67b305c125f1c6d2a25/sqlparse-0.5.5-py3-none-any.whl", hash = "sha256:12a08b3bf3eec877c519589833aed092e2444e68240a3577e8e26148acc7b1ba", size = 46138, upload-time = "2025-12-19T07:17:46.573Z" },
]

[[package]]
name = "tzdata"
version = "2026.2"
source = { registry = "https://pypi.org/simple" }
sdist = { url = "https://files.pythonhosted.org/packages/ba/19/1b9b0e29f30c6d35cb345486df41110984ea67ae69dddbc0e8a100999493/tzdata-2026.2.tar.gz", hash = "sha256:9173fde7d80d9018e02a662e168e5a2d04f87c41ea174b139fbef642eda62d10", size = 198254, upload-time = "2026-04-24T15:22:08.651Z" }
wheels = [
    { url = "https://files.pythonhosted.org/packages/ce/e4/dccd7f47c4b64213ac01ef921a1337ee6e30e8c6466046018326977efd95/tzdata-2026.2-py2.py3-none-any.whl", hash = "sha256:bbe9af844f658da81a5f95019480da3a89415801f6cc966806612cc7169bffe7", size = 349321, upload-time = "2026-04-24T15:22:05.876Z" },
]

[[package]]
name = "wcwidth"
version = "0.8.1"
source = { registry = "https://pypi.org/simple" }
sdist = { url = "https://files.pythonhosted.org/packages/49/b4/51fe890511f0f242d07cb1ebe6a5b6db417262b9d2568b460347c57d95cc/wcwidth-0.8.1.tar.gz", hash = "sha256:faf5b4a5366a72dc49cad48cdf21f52bdf63bdda995178e483ba247ff79089b9", size = 1466072, upload-time = "2026-06-08T05:57:23.146Z" }
wheels = [
    { url = "https://files.pythonhosted.org/packages/bd/6e/95b0e537de1f4d4301f76f944642c6da50d1511cc7b3d64dc418a66c7509/wcwidth-0.8.1-py3-none-any.whl", hash = "sha256:f453740b1e4a4f3291faa37944c555d71056c4da08d59809b307ef4feba695c8", size = 323092, upload-time = "2026-06-08T05:57:21.413Z" },
]
